
Microsoft Visual Studio Solution File, Format Version 12.00
Project("{FAE04EC0-301F-11D3-BF4B-00C04F79EFBC}") = "OliveGameStudio.Tests", "tests\OliveGameStudio.Tests\OliveGameStudio.Tests.csproj", "{84658B75-1D01-44DE-87F4-6D2230768DF4}"
EndProject
Project("{FAE04EC0-301F-11D3-BF4B-00C04F79EFBC}") = "OliveGameStudio", "src\OliveGameStudio\OliveGameStudio.csproj", "{18F864C0-0143-4FE6-9CE3-2B195C65CCA0}"
EndProject
Project("{FAE04EC0-301F-11D3-BF4B-00C04F79EFBC}") = "OliveGameStudio.UI", "src\OliveGameStudio.UI\OliveGameStudio.UI.csproj", "{60ABBEC2-6309-47D8-AE71-9A3C33D1EF0C}"
EndProject
Project("{FAE04EC0-301F-11D3-BF4B-00C04F79EFBC}") = "OliveGameStudio.UI.Tests", "tests\OliveGameStudio.UI.Tests\OliveGameStudio.UI.Tests.csproj", "{2969B504-C047-4D4B-A853-32B357F7DFC7}"
EndProject
Project("{FAE04EC0-301F-11D3-BF4B-00C04F79EFBC}") = "OliveGameStudio.UI.Abstractions", "src\OliveGameStudio.UI.Abstractions\OliveGameStudio.UI.Abstractions.csproj", "{76EAF308-ED58-4DA0-9AF4-51A81B590BC3}"
EndProject
Project("{FAE04EC0-301F-11D3-BF4B-00C04F79EFBC}") = "BattleForce2249", "src\BattleForce2249\BattleForce2249.csproj", "{3A285F52-E2F1-4F6B-8E84-183E42670D1A}"
EndProject
Project("{FAE04EC0-301F-11D3-BF4B-00C04F79EFBC}") = "OliveGameStudio.Abstractions", "src\OliveGameStudio.Abstractions\OliveGameStudio.Abstractions.csproj", "{23CE0620-3493-4E80-BC71-D7ED8CF872ED}"
EndProject
Project("{FAE04EC0-301F-11D3-BF4B-00C04F79EFBC}") = "BattleForce2249.Tests", "tests\BattleForce2249.Tests\BattleForce2249.Tests.csproj", "{23EB6AA0-D1AA-4853-BCDF-290D2F435C29}"
EndProject
Global
	GlobalSection(SolutionConfigurationPlatforms) = preSolution
		Debug|Any CPU = Debug|Any CPU
		Release|Any CPU = Release|Any CPU
	EndGlobalSection
	GlobalSection(ProjectConfigurationPlatforms) = postSolution
		{84658B75-1D01-44DE-87F4-6D2230768DF4}.Debug|Any CPU.ActiveCfg = Debug|Any CPU
		{84658B75-1D01-44DE-87F4-6D2230768DF4}.Debug|Any CPU.Build.0 = Debug|Any CPU
		{84658B75-1D01-44DE-87F4-6D2230768DF4}.Release|Any CPU.ActiveCfg = Release|Any CPU
		{84658B75-1D01-44DE-87F4-6D2230768DF4}.Release|Any CPU.Build.0 = Release|Any CPU
		{18F864C0-0143-4FE6-9CE3-2B195C65CCA0}.Debug|Any CPU.ActiveCfg = Debug|Any CPU
		{18F864C0-0143-4FE6-9CE3-2B195C65CCA0}.Debug|Any CPU.Build.0 = Debug|Any CPU
		{18F864C0-0143-4FE6-9CE3-2B195C65CCA0}.Release|Any CPU.ActiveCfg = Release|Any CPU
		{18F864C0-0143-4FE6-9CE3-2B195C65CCA0}.Release|Any CPU.Build.0 = Release|Any CPU
		{60ABBEC2-6309-47D8-AE71-9A3C33D1EF0C}.Debug|Any CPU.ActiveCfg = Debug|Any CPU
		{60ABBEC2-6309-47D8-AE71-9A3C33D1EF0C}.Debug|Any CPU.Build.0 = Debug|Any CPU
		{60ABBEC2-6309-47D8-AE71-9A3C33D1EF0C}.Release|Any CPU.ActiveCfg = Release|Any CPU
		{60ABBEC2-6309-47D8-AE71-9A3C33D1EF0C}.Release|Any CPU.Build.0 = Release|Any CPU
		{2969B504-C047-4D4B-A853-32B357F7DFC7}.Debug|Any CPU.ActiveCfg = Debug|Any CPU
		{2969B504-C047-4D4B-A853-32B357F7DFC7}.Debug|Any CPU.Build.0 = Debug|Any CPU
		{2969B504-C047-4D4B-A853-32B357F7DFC7}.Release|Any CPU.ActiveCfg = Release|Any CPU
		{2969B504-C047-4D4B-A853-32B357F7DFC7}.Release|Any CPU.Build.0 = Release|Any CPU
		{76EAF308-ED58-4DA0-9AF4-51A81B590BC3}.Debug|Any CPU.ActiveCfg = Debug|Any CPU
		{76EAF308-ED58-4DA0-9AF4-51A81B590BC3}.Debug|Any CPU.Build.0 = Debug|Any CPU
		{76EAF308-ED58-4DA0-9AF4-51A81B590BC3}.Release|Any CPU.ActiveCfg = Release|Any CPU
		{76EAF308-ED58-4DA0-9AF4-51A81B590BC3}.Release|Any CPU.Build.0 = Release|Any CPU
		{3A285F52-E2F1-4F6B-8E84-183E42670D1A}.Debug|Any CPU.ActiveCfg = Debug|Any CPU
		{3A285F52-E2F1-4F6B-8E84-183E42670D1A}.Debug|Any CPU.Build.0 = Debug|Any CPU
		{3A285F52-E2F1-4F6B-8E84-183E42670D1A}.Release|Any CPU.ActiveCfg = Release|Any CPU
		{3A285F52-E2F1-4F6B-8E84-183E42670D1A}.Release|Any CPU.Build.0 = Release|Any CPU
		{23CE0620-3493-4E80-BC71-D7ED8CF872ED}.Debug|Any CPU.ActiveCfg = Debug|Any CPU
		{23CE0620-3493-4E80-BC71-D7ED8CF872ED}.Debug|Any CPU.Build.0 = Debug|Any CPU
		{23CE0620-3493-4E80-BC71-D7ED8CF872ED}.Release|Any CPU.ActiveCfg = Release|Any CPU
		{23CE0620-3493-4E80-BC71-D7ED8CF872ED}.Release|Any CPU.Build.0 = Release|Any CPU
		{23EB6AA0-D1AA-4853-BCDF-290D2F435C29}.Debug|Any CPU.ActiveCfg = Debug|Any CPU
		{23EB6AA0-D1AA-4853-BCDF-290D2F435C29}.Debug|Any CPU.Build.0 = Debug|Any CPU
		{23EB6AA0-D1AA-4853-BCDF-290D2F435C29}.Release|Any CPU.ActiveCfg = Release|Any CPU
		{23EB6AA0-D1AA-4853-BCDF-290D2F435C29}.Release|Any CPU.Build.0 = Release|Any CPU
	EndGlobalSection
EndGlobal
