<Solution>
  <Project Path="BattleForce2249.MonoGame/BattleForce2249.MonoGame.csproj" />
  <Project Path="src/BattleForce2249.Abstractions/BattleForce2249.Abstractions.csproj" />
  <Project Path="src/BattleForce2249.Company/BattleForce2249.Company.csproj" />
  <Project Path="src/BattleForce2249.Game/BattleForce2249.Game.csproj" />
  <Project Path="src/BattleForce2249/BattleForce2249.csproj" />
  <Project Path="src/OliveGameStudio.Abstractions/OliveGameStudio.Abstractions.csproj" />
  <Project Path="src/OliveGameStudio.FrameRate/OliveGameStudio.FrameRate.csproj" />
  <Project Path="src/OliveGameStudio.Progress/OliveGameStudio.Progress.csproj" />
  <Project Path="src/OliveGameStudio.Screen/OliveGameStudio.Screen.csproj" />
  <Project Path="src/OliveGameStudio.UI.Abstractions/OliveGameStudio.UI.Abstractions.csproj" />
  <Project Path="src/OliveGameStudio.UI/OliveGameStudio.UI.csproj" />
  <Project Path="src/OliveGameStudio.World/OliveGameStudio.World.csproj" />
  <Project Path="src/OliveGameStudio/OliveGameStudio.csproj" />
  <Project Path="src/Pilgrimage/Pilgrimage.csproj" />
  <Project Path="src\BattleForce2249.Menu\BattleForce2249.Menu.csproj" />
  <Project Path="tests/BattleForce2249.Tests/BattleForce2249.Tests.csproj" />
  <Project Path="tests/OliveGameStudio.FrameRate.Tests/OliveGameStudio.FrameRate.Tests.csproj" />
  <Project Path="tests/OliveGameStudio.Screen.Tests/OliveGameStudio.Screen.Tests.csproj" />
  <Project Path="tests/OliveGameStudio.Tests/OliveGameStudio.Tests.csproj" />
  <Project Path="tests/OliveGameStudio.UI.Tests/OliveGameStudio.UI.Tests.csproj" />
  <Project Path="tests/OliveGameStudio.World.Tests/OliveGameStudio.World.Tests.csproj" />
  <Project Path="tests/Pilgrimage.Tests/Pilgrimage.Tests.csproj" />
</Solution>
